
Microsoft Visual Studio Solution File, Format Version 12.00
# Visual Studio Version 16
VisualStudioVersion = 25.0.1705.4
MinimumVisualStudioVersion = 10.0.40219.1
Project("{FAE04EC0-301F-11D3-BF4B-00C04F79EFBC}") = "Bismillah.Server", "Bismillah\Server\Bismillah.Server.csproj", "{1CA602B2-B63F-4FAD-A8CD-8FED01127B42}"
EndProject
Project("{FAE04EC0-301F-11D3-BF4B-00C04F79EFBC}") = "Bismillah.Client", "Bismillah\Client\Bismillah.Client.csproj", "{7892797F-A60D-41B3-AF16-D76CAD1431E1}"
EndProject
Project("{FAE04EC0-301F-11D3-BF4B-00C04F79EFBC}") = "Bismillah.Shared", "Bismillah\Shared\Bismillah.Shared.csproj", "{16D9AF92-748A-4696-AC87-29A1715AAC73}"
EndProject
Global
	GlobalSection(SolutionConfigurationPlatforms) = preSolution
		Debug|Any CPU = Debug|Any CPU
		Release|Any CPU = Release|Any CPU
	EndGlobalSection
	GlobalSection(ProjectConfigurationPlatforms) = postSolution
		{1CA602B2-B63F-4FAD-A8CD-8FED01127B42}.Debug|Any CPU.ActiveCfg = Debug|Any CPU
		{1CA602B2-B63F-4FAD-A8CD-8FED01127B42}.Debug|Any CPU.Build.0 = Debug|Any CPU
		{1CA602B2-B63F-4FAD-A8CD-8FED01127B42}.Release|Any CPU.ActiveCfg = Release|Any CPU
		{1CA602B2-B63F-4FAD-A8CD-8FED01127B42}.Release|Any CPU.Build.0 = Release|Any CPU
		{7892797F-A60D-41B3-AF16-D76CAD1431E1}.Debug|Any CPU.ActiveCfg = Debug|Any CPU
		{7892797F-A60D-41B3-AF16-D76CAD1431E1}.Debug|Any CPU.Build.0 = Debug|Any CPU
		{7892797F-A60D-41B3-AF16-D76CAD1431E1}.Release|Any CPU.ActiveCfg = Release|Any CPU
		{7892797F-A60D-41B3-AF16-D76CAD1431E1}.Release|Any CPU.Build.0 = Release|Any CPU
		{16D9AF92-748A-4696-AC87-29A1715AAC73}.Debug|Any CPU.ActiveCfg = Debug|Any CPU
		{16D9AF92-748A-4696-AC87-29A1715AAC73}.Debug|Any CPU.Build.0 = Debug|Any CPU
		{16D9AF92-748A-4696-AC87-29A1715AAC73}.Release|Any CPU.ActiveCfg = Release|Any CPU
		{16D9AF92-748A-4696-AC87-29A1715AAC73}.Release|Any CPU.Build.0 = Release|Any CPU
	EndGlobalSection
	GlobalSection(SolutionProperties) = preSolution
		HideSolutionNode = FALSE
	EndGlobalSection
	GlobalSection(ExtensibilityGlobals) = postSolution
		SolutionGuid = {EE4ECFF2-4EC0-42EE-8416-631945A8ACC7}
	EndGlobalSection
EndGlobal
